
Microsoft Visual Studio Solution File, Format Version 12.00
# Visual Studio Version 17
VisualStudioVersion = 17.14.36623.8 d17.14
MinimumVisualStudioVersion = 10.0.40219.1
Project("{FAE04EC0-301F-11D3-BF4B-00C04F79EFBC}") = "Export", "Export.csproj", "{501CF57E-3046-467E-9E07-7E9B1228D74F}"
EndProject
Global
	GlobalSection(SolutionConfigurationPlatforms) = preSolution
		Debug|Any CPU = Debug|Any CPU
		Release|Any CPU = Release|Any CPU
	EndGlobalSection
	GlobalSection(ProjectConfigurationPlatforms) = postSolution
		{501CF57E-3046-467E-9E07-7E9B1228D74F}.Debug|Any CPU.ActiveCfg = Debug|Any CPU
		{501CF57E-3046-467E-9E07-7E9B1228D74F}.Debug|Any CPU.Build.0 = Debug|Any CPU
		{501CF57E-3046-467E-9E07-7E9B1228D74F}.Release|Any CPU.ActiveCfg = Release|Any CPU
		{501CF57E-3046-467E-9E07-7E9B1228D74F}.Release|Any CPU.Build.0 = Release|Any CPU
	EndGlobalSection
	GlobalSection(SolutionProperties) = preSolution
		HideSolutionNode = FALSE
	EndGlobalSection
	GlobalSection(ExtensibilityGlobals) = postSolution
		SolutionGuid = {B0B5A45E-A02A-4C5C-968B-062F4AB299A1}
	EndGlobalSection
EndGlobal
