
Microsoft Visual Studio Solution File, Format Version 12.00
# Visual Studio Version 17
VisualStudioVersion = 17.14.36623.8 d17.14
MinimumVisualStudioVersion = 10.0.40219.1
Project("{FAE04EC0-301F-11D3-BF4B-00C04F79EFBC}") = "LogMethodsOverloading", "LogMethodsOverloading.csproj", "{3AAB8E16-0357-4164-99CE-6A7726AF230F}"
EndProject
Global
	GlobalSection(SolutionConfigurationPlatforms) = preSolution
		Debug|Any CPU = Debug|Any CPU
		Release|Any CPU = Release|Any CPU
	EndGlobalSection
	GlobalSection(ProjectConfigurationPlatforms) = postSolution
		{3AAB8E16-0357-4164-99CE-6A7726AF230F}.Debug|Any CPU.ActiveCfg = Debug|Any CPU
		{3AAB8E16-0357-4164-99CE-6A7726AF230F}.Debug|Any CPU.Build.0 = Debug|Any CPU
		{3AAB8E16-0357-4164-99CE-6A7726AF230F}.Release|Any CPU.ActiveCfg = Release|Any CPU
		{3AAB8E16-0357-4164-99CE-6A7726AF230F}.Release|Any CPU.Build.0 = Release|Any CPU
	EndGlobalSection
	GlobalSection(SolutionProperties) = preSolution
		HideSolutionNode = FALSE
	EndGlobalSection
	GlobalSection(ExtensibilityGlobals) = postSolution
		SolutionGuid = {3C14B816-AB1C-4D5C-A6CC-CF1AA0CF1FB9}
	EndGlobalSection
EndGlobal
