
Microsoft Visual Studio Solution File, Format Version 12.00
# Visual Studio Version 17
VisualStudioVersion = 17.14.36623.8 d17.14
MinimumVisualStudioVersion = 10.0.40219.1
Project("{FAE04EC0-301F-11D3-BF4B-00C04F79EFBC}") = "LanguageFeatures", "LanguageFeatures.csproj", "{5F32D722-934F-49AF-A11F-B66DBCD50E90}"
EndProject
Global
	GlobalSection(SolutionConfigurationPlatforms) = preSolution
		Debug|Any CPU = Debug|Any CPU
		Release|Any CPU = Release|Any CPU
	EndGlobalSection
	GlobalSection(ProjectConfigurationPlatforms) = postSolution
		{5F32D722-934F-49AF-A11F-B66DBCD50E90}.Debug|Any CPU.ActiveCfg = Debug|Any CPU
		{5F32D722-934F-49AF-A11F-B66DBCD50E90}.Debug|Any CPU.Build.0 = Debug|Any CPU
		{5F32D722-934F-49AF-A11F-B66DBCD50E90}.Release|Any CPU.ActiveCfg = Release|Any CPU
		{5F32D722-934F-49AF-A11F-B66DBCD50E90}.Release|Any CPU.Build.0 = Release|Any CPU
	EndGlobalSection
	GlobalSection(SolutionProperties) = preSolution
		HideSolutionNode = FALSE
	EndGlobalSection
	GlobalSection(ExtensibilityGlobals) = postSolution
		SolutionGuid = {837A705F-90F2-4261-B12E-99928492A16D}
	EndGlobalSection
EndGlobal
