
Microsoft Visual Studio Solution File, Format Version 12.00
# Visual Studio Version 17
VisualStudioVersion = 17.14.36623.8 d17.14
MinimumVisualStudioVersion = 10.0.40219.1
Project("{FAE04EC0-301F-11D3-BF4B-00C04F79EFBC}") = "ConsoleApp1", "ConsoleApp1.csproj", "{5906FC03-2E81-4B74-A027-E95476D3B63D}"
EndProject
Project("{FAE04EC0-301F-11D3-BF4B-00C04F79EFBC}") = "ConsoleApp2", "..\ConsoleApp2\ConsoleApp2.csproj", "{95F0C31E-75C5-4273-B637-75BB87C40E27}"
EndProject
Global
	GlobalSection(SolutionConfigurationPlatforms) = preSolution
		Debug|Any CPU = Debug|Any CPU
		Release|Any CPU = Release|Any CPU
	EndGlobalSection
	GlobalSection(ProjectConfigurationPlatforms) = postSolution
		{5906FC03-2E81-4B74-A027-E95476D3B63D}.Debug|Any CPU.ActiveCfg = Debug|Any CPU
		{5906FC03-2E81-4B74-A027-E95476D3B63D}.Debug|Any CPU.Build.0 = Debug|Any CPU
		{5906FC03-2E81-4B74-A027-E95476D3B63D}.Release|Any CPU.ActiveCfg = Release|Any CPU
		{5906FC03-2E81-4B74-A027-E95476D3B63D}.Release|Any CPU.Build.0 = Release|Any CPU
		{95F0C31E-75C5-4273-B637-75BB87C40E27}.Debug|Any CPU.ActiveCfg = Debug|Any CPU
		{95F0C31E-75C5-4273-B637-75BB87C40E27}.Debug|Any CPU.Build.0 = Debug|Any CPU
		{95F0C31E-75C5-4273-B637-75BB87C40E27}.Release|Any CPU.ActiveCfg = Release|Any CPU
		{95F0C31E-75C5-4273-B637-75BB87C40E27}.Release|Any CPU.Build.0 = Release|Any CPU
	EndGlobalSection
	GlobalSection(SolutionProperties) = preSolution
		HideSolutionNode = FALSE
	EndGlobalSection
	GlobalSection(ExtensibilityGlobals) = postSolution
		SolutionGuid = {EE82B3EE-29AE-4937-8E86-E6A288920D10}
	EndGlobalSection
EndGlobal
