
Microsoft Visual Studio Solution File, Format Version 12.00
# Visual Studio Version 17
VisualStudioVersion = 17.14.36623.8 d17.14
MinimumVisualStudioVersion = 10.0.40219.1
Project("{FAE04EC0-301F-11D3-BF4B-00C04F79EFBC}") = "Assignment5", "Assignment5.csproj", "{C990B12B-8249-42AF-873A-84FCFE3C37E8}"
EndProject
Global
	GlobalSection(SolutionConfigurationPlatforms) = preSolution
		Debug|Any CPU = Debug|Any CPU
		Release|Any CPU = Release|Any CPU
	EndGlobalSection
	GlobalSection(ProjectConfigurationPlatforms) = postSolution
		{C990B12B-8249-42AF-873A-84FCFE3C37E8}.Debug|Any CPU.ActiveCfg = Debug|Any CPU
		{C990B12B-8249-42AF-873A-84FCFE3C37E8}.Debug|Any CPU.Build.0 = Debug|Any CPU
		{C990B12B-8249-42AF-873A-84FCFE3C37E8}.Release|Any CPU.ActiveCfg = Release|Any CPU
		{C990B12B-8249-42AF-873A-84FCFE3C37E8}.Release|Any CPU.Build.0 = Release|Any CPU
	EndGlobalSection
	GlobalSection(SolutionProperties) = preSolution
		HideSolutionNode = FALSE
	EndGlobalSection
	GlobalSection(ExtensibilityGlobals) = postSolution
		SolutionGuid = {770B2065-B455-44E1-B5D7-13AA61A13514}
	EndGlobalSection
EndGlobal
